[[package]]
name = "atomicwrites"
version = "1.4.0"
description = "Atomic file writes."
category = "dev"
optional = false
python-versions = ">=2.7, !=3.0.*, !=3.1.*, !=3.2.*, !=3.3.*"

[[package]]
name = "attrs"
version = "21.4.0"
description = "Classes Without Boilerplate"
category = "dev"
optional = false
python-versions = ">=2.7, !=3.0.*, !=3.1.*, !=3.2.*, !=3.3.*, !=3.4.*"

[package.extras]
dev = ["coverage[toml] (>=5.0.2)", "hypothesis", "pympler", "pytest (>=4.3.0)", "six", "mypy", "pytest-mypy-plugins", "zope.interface", "furo", "sphinx", "sphinx-notfound-page", "pre-commit", "cloudpickle"]
docs = ["furo", "sphinx", "zope.interface", "sphinx-notfound-page"]
tests = ["coverage[toml] (>=5.0.2)", "hypothesis", "pympler", "pytest (>=4.3.0)", "six", "mypy", "pytest-mypy-plugins", "zope.interface", "cloudpickle"]
tests_no_zope = ["coverage[toml] (>=5.0.2)", "hypothesis", "pympler", "pytest (>=4.3.0)", "six", "mypy", "pytest-mypy-plugins", "cloudpickle"]

[[package]]
name = "aws-requests-auth"
version = "0.4.3"
description = "AWS signature version 4 signing process for the python requests module"
category = "main"
optional = false
python-versions = "*"

[package.dependencies]
requests = ">=0.14.0"

[[package]]
name = "beautifulsoup4"
version = "4.11.1"
description = "Screen-scraping library"
category = "main"
optional = false
python-versions = ">=3.6.0"

[package.dependencies]
soupsieve = ">1.2"

[package.extras]
html5lib = ["html5lib"]
lxml = ["lxml"]

[[package]]
name = "benchmark-4dn"
version = "0.5.15"
description = "Benchmark functions that returns total space, mem, cpu given                 input size and parameters for the CWL workflows"
category = "main"
optional = false
python-versions = "*"

[[package]]
name = "boto3"
version = "1.23.10"
description = "The AWS SDK for Python"
category = "main"
optional = false
python-versions = ">= 3.6"

[package.dependencies]
botocore = ">=1.26.10,<1.27.0"
jmespath = ">=0.7.1,<2.0.0"
s3transfer = ">=0.5.0,<0.6.0"

[package.extras]
crt = ["botocore[crt] (>=1.21.0,<2.0a0)"]

[[package]]
name = "botocore"
version = "1.26.10"
description = "Low-level, data-driven core of boto 3."
category = "main"
optional = false
python-versions = ">= 3.6"

[package.dependencies]
jmespath = ">=0.7.1,<2.0.0"
python-dateutil = ">=2.1,<3.0.0"
urllib3 = ">=1.25.4,<1.27"

[package.extras]
crt = ["awscrt (==0.13.8)"]

[[package]]
name = "certifi"
version = "2022.5.18.1"
description = "Python package for providing Mozilla's CA Bundle."
category = "main"
optional = false
python-versions = ">=3.6"

[[package]]
name = "charset-normalizer"
version = "2.0.12"
description = "The Real First Universal Charset Detector. Open, modern and actively maintained alternative to Chardet."
category = "main"
optional = false
python-versions = ">=3.5.0"

[package.extras]
unicode_backport = ["unicodedata2"]

[[package]]
name = "colorama"
version = "0.4.4"
description = "Cross-platform colored terminal text."
category = "dev"
optional = false
python-versions = ">=2.7, !=3.0.*, !=3.1.*, !=3.2.*, !=3.3.*, !=3.4.*"

[[package]]
name = "dcicutils"
version = "3.13.1"
description = "Utility package for interacting with the 4DN Data Portal and other 4DN resources"
category = "main"
optional = false
python-versions = ">=3.6.1,<3.10"

[package.dependencies]
aws-requests-auth = ">=0.4.2,<1"
boto3 = ">=1.17.39,<2.0.0"
botocore = ">=1.20.39,<2.0.0"
docker = ">=4.4.4,<5.0.0"
elasticsearch = "6.8.1"
gitpython = ">=3.1.2,<4.0.0"
pytz = ">=2020.4"
requests = ">=2.21.0,<3.0.0"
rfc3986 = ">=1.4.0,<2.0.0"
structlog = ">=19.2.0,<20.0.0"
toml = ">=0.10.1,<1"
typing-extensions = ">=3.8"
urllib3 = ">=1.26.6,<2.0.0"
webtest = ">=2.0.34,<3.0.0"

[[package]]
name = "docker"
version = "4.4.4"
description = "A Python library for the Docker Engine API."
category = "main"
optional = false
python-versions = ">=2.7, !=3.0.*, !=3.1.*, !=3.2.*, !=3.3.*, !=3.4.*"

[package.dependencies]
pywin32 = {version = "227", markers = "sys_platform == \"win32\""}
requests = ">=2.14.2,<2.18.0 || >2.18.0"
six = ">=1.4.0"
websocket-client = ">=0.32.0"

[package.extras]
ssh = ["paramiko (>=2.4.2)"]
tls = ["pyOpenSSL (>=17.5.0)", "cryptography (>=1.3.4)", "idna (>=2.0.0)"]

[[package]]
name = "docutils"
version = "0.18.1"
description = "Docutils -- Python Documentation Utilities"
category = "main"
optional = false
python-versions = ">=2.7, !=3.0.*, !=3.1.*, !=3.2.*, !=3.3.*, !=3.4.*"

[[package]]
name = "elasticsearch"
version = "6.8.1"
description = "Python client for Elasticsearch"
category = "main"
optional = false
python-versions = ">=2.6, !=3.0.*, !=3.1.*, !=3.2.*, <4"

[package.dependencies]
urllib3 = ">=1.21.1"

[package.extras]
develop = ["requests (>=2.0.0,<3.0.0)", "nose", "coverage", "mock", "pyyaml", "nosexcover", "numpy", "pandas", "sphinx (<1.7)", "sphinx-rtd-theme"]
requests = ["requests (>=2.4.0,<3.0.0)"]

[[package]]
name = "gitdb"
version = "4.0.9"
description = "Git Object Database"
category = "main"
optional = false
python-versions = ">=3.6"

[package.dependencies]
smmap = ">=3.0.1,<6"

[[package]]
name = "gitpython"
version = "3.1.20"
description = "Python Git Library"
category = "main"
optional = false
python-versions = ">=3.6"

[package.dependencies]
gitdb = ">=4.0.1,<5"
typing-extensions = {version = ">=3.7.4.3", markers = "python_version < \"3.10\""}

[[package]]
name = "idna"
version = "3.3"
description = "Internationalized Domain Names in Applications (IDNA)"
category = "main"
optional = false
python-versions = ">=3.5"

[[package]]
name = "importlib-metadata"
version = "4.8.3"
description = "Read metadata from Python packages"
category = "dev"
optional = false
python-versions = ">=3.6"

[package.dependencies]
typing-extensions = {version = ">=3.6.4", markers = "python_version < \"3.8\""}
zipp = ">=0.5"

[package.extras]
docs = ["sphinx", "jaraco.packaging (>=8.2)", "rst.linker (>=1.9)"]
perf = ["ipython"]
testing = ["pytest (>=6)", "pytest-checkdocs (>=2.4)", "pytest-flake8", "pytest-cov", "pytest-enabler (>=1.0.1)", "packaging", "pep517", "pyfakefs", "flufl.flake8", "pytest-perf (>=0.9.2)", "pytest-black (>=0.3.7)", "pytest-mypy", "importlib-resources (>=1.3)"]

[[package]]
name = "iniconfig"
version = "1.1.1"
description = "iniconfig: brain-dead simple config-ini parsing"
category = "dev"
optional = false
python-versions = "*"

[[package]]
name = "jmespath"
version = "0.10.0"
description = "JSON Matching Expressions"
category = "main"
optional = false
python-versions = ">=2.6, !=3.0.*, !=3.1.*, !=3.2.*"

[[package]]
name = "mock"
version = "4.0.3"
description = "Rolling backport of unittest.mock for all Pythons"
category = "dev"
optional = false
python-versions = ">=3.6"

[package.extras]
build = ["twine", "wheel", "blurb"]
docs = ["sphinx"]
test = ["pytest (<5.4)", "pytest-cov"]

[[package]]
name = "packaging"
version = "21.3"
description = "Core utilities for Python packages"
category = "dev"
optional = false
python-versions = ">=3.6"

[package.dependencies]
pyparsing = ">=2.0.2,<3.0.5 || >3.0.5"

[[package]]
name = "pluggy"
version = "1.0.0"
description = "plugin and hook calling mechanisms for python"
category = "dev"
optional = false
python-versions = ">=3.6"

[package.dependencies]
importlib-metadata = {version = ">=0.12", markers = "python_version < \"3.8\""}

[package.extras]
dev = ["pre-commit", "tox"]
testing = ["pytest", "pytest-benchmark"]

[[package]]
name = "py"
version = "1.11.0"
description = "library with cross-python path, ini-parsing, io, code, log facilities"
category = "dev"
optional = false
python-versions = ">=2.7, !=3.0.*, !=3.1.*, !=3.2.*, !=3.3.*, !=3.4.*"

[[package]]
name = "pyparsing"
version = "3.0.7"
description = "Python parsing module"
category = "dev"
optional = false
python-versions = ">=3.6"

[package.extras]
diagrams = ["jinja2", "railroad-diagrams"]

[[package]]
name = "pytest"
version = "7.0.1"
description = "pytest: simple powerful testing with Python"
category = "dev"
optional = false
python-versions = ">=3.6"

[package.dependencies]
atomicwrites = {version = ">=1.0", markers = "sys_platform == \"win32\""}
attrs = ">=19.2.0"
colorama = {version = "*", markers = "sys_platform == \"win32\""}
importlib-metadata = {version = ">=0.12", markers = "python_version < \"3.8\""}
iniconfig = "*"
packaging = "*"
pluggy = ">=0.12,<2.0"
py = ">=1.8.2"
tomli = ">=1.0.0"

[package.extras]
testing = ["argcomplete", "hypothesis (>=3.56)", "mock", "nose", "pygments (>=2.7.2)", "requests", "xmlschema"]

[[package]]
name = "python-dateutil"
version = "2.8.2"
description = "Extensions to the standard Python datetime module"
category = "main"
optional = false
python-versions = "!=3.0.*,!=3.1.*,!=3.2.*,>=2.7"

[package.dependencies]
six = ">=1.5"

[[package]]
name = "python-lambda-4dn"
version = "0.12.3"
description = "FORKED for 4dn-dcic. Use to package and deploy lambda functions."
category = "main"
optional = false
python-versions = "*"

[package.dependencies]
boto3 = ">=1.7.42"
botocore = ">=1.10.42"
docutils = ">=0.14"

[[package]]
name = "pytz"
version = "2022.1"
description = "World timezone definitions, modern and historical"
category = "main"
optional = false
python-versions = "*"

[[package]]
name = "pywin32"
version = "227"
description = "Python for Window Extensions"
category = "main"
optional = false
python-versions = "*"

[[package]]
name = "requests"
version = "2.27.1"
description = "Python HTTP for Humans."
category = "main"
optional = false
python-versions = ">=2.7, !=3.0.*, !=3.1.*, !=3.2.*, !=3.3.*, !=3.4.*, !=3.5.*"

[package.dependencies]
certifi = ">=2017.4.17"
charset-normalizer = {version = ">=2.0.0,<2.1.0", markers = "python_version >= \"3\""}
idna = {version = ">=2.5,<4", markers = "python_version >= \"3\""}
urllib3 = ">=1.21.1,<1.27"

[package.extras]
socks = ["PySocks (>=1.5.6,!=1.5.7)", "win-inet-pton"]
use_chardet_on_py3 = ["chardet (>=3.0.2,<5)"]

[[package]]
name = "rfc3986"
version = "1.5.0"
description = "Validating URI References per RFC 3986"
category = "main"
optional = false
python-versions = "*"

[package.extras]
idna2008 = ["idna"]

[[package]]
name = "s3transfer"
version = "0.5.2"
description = "An Amazon S3 Transfer Manager"
category = "main"
optional = false
python-versions = ">= 3.6"

[package.dependencies]
botocore = ">=1.12.36,<2.0a.0"

[package.extras]
crt = ["botocore[crt] (>=1.20.29,<2.0a.0)"]

[[package]]
name = "six"
version = "1.16.0"
description = "Python 2 and 3 compatibility utilities"
category = "main"
optional = false
python-versions = ">=2.7, !=3.0.*, !=3.1.*, !=3.2.*"

[[package]]
name = "smmap"
version = "5.0.0"
description = "A pure Python implementation of a sliding window memory map manager"
category = "main"
optional = false
python-versions = ">=3.6"

[[package]]
name = "soupsieve"
version = "2.3.2.post1"
description = "A modern CSS selector implementation for Beautiful Soup."
category = "main"
optional = false
python-versions = ">=3.6"

[[package]]
name = "structlog"
version = "19.2.0"
description = "Structured Logging for Python"
category = "main"
optional = false
python-versions = "*"

[package.dependencies]
six = "*"

[package.extras]
azure-pipelines = ["coverage", "freezegun (>=0.2.8)", "pretend", "pytest (>=3.3.0)", "simplejson", "pytest-azurepipelines", "python-rapidjson"]
dev = ["coverage", "freezegun (>=0.2.8)", "pretend", "pytest (>=3.3.0)", "simplejson", "sphinx", "twisted", "pre-commit", "python-rapidjson"]
docs = ["sphinx", "twisted"]
tests = ["coverage", "freezegun (>=0.2.8)", "pretend", "pytest (>=3.3.0)", "simplejson", "python-rapidjson"]

[[package]]
name = "tibanna"
version = "1.9.2"
description = "Tibanna runs portable pipelines (in CWL/WDL) on the AWS Cloud."
category = "main"
optional = false
python-versions = "*"

[package.dependencies]
Benchmark-4dn = ">=0.5.8"
boto3 = ">=1.9.0"
botocore = ">=1.12.1"
python-lambda-4dn = "0.12.3"
requests = ">=2.22.0"
urllib3 = ">=1.24"

[[package]]
name = "tibanna-ff"
version = "1.0.0"
description = "Tibanna runs portable pipelines (in CWL/WDL) on the AWS Cloud."
category = "main"
optional = false
python-versions = "*"

[package.dependencies]
dcicutils = ">=3.5.0"
tibanna = ">=1.9.0.0b22"

[[package]]
name = "toml"
version = "0.10.2"
description = "Python Library for Tom's Obvious, Minimal Language"
category = "main"
optional = false
python-versions = ">=2.6, !=3.0.*, !=3.1.*, !=3.2.*"

[[package]]
name = "tomli"
version = "1.2.3"
description = "A lil' TOML parser"
category = "dev"
optional = false
python-versions = ">=3.6"

[[package]]
name = "typing-extensions"
version = "4.1.1"
description = "Backported and Experimental Type Hints for Python 3.6+"
category = "main"
optional = false
python-versions = ">=3.6"

[[package]]
name = "urllib3"
version = "1.26.9"
description = "HTTP library with thread-safe connection pooling, file post, and more."
category = "main"
optional = false
python-versions = ">=2.7, !=3.0.*, !=3.1.*, !=3.2.*, !=3.3.*, !=3.4.*, <4"

[package.extras]
brotli = ["brotlicffi (>=0.8.0)", "brotli (>=1.0.9)", "brotlipy (>=0.6.0)"]
secure = ["pyOpenSSL (>=0.14)", "cryptography (>=1.3.4)", "idna (>=2.0.0)", "certifi", "ipaddress"]
socks = ["PySocks (>=1.5.6,!=1.5.7,<2.0)"]

[[package]]
name = "waitress"
version = "2.0.0"
description = "Waitress WSGI server"
category = "main"
optional = false
python-versions = ">=3.6.0"

[package.extras]
docs = ["Sphinx (>=1.8.1)", "docutils", "pylons-sphinx-themes (>=1.0.9)"]
testing = ["pytest", "pytest-cover", "coverage (>=5.0)"]

[[package]]
name = "webob"
version = "1.8.7"
description = "WSGI request and response object"
category = "main"
optional = false
python-versions = ">=2.7,!=3.0.*,!=3.1.*,!=3.2.*"

[package.extras]
docs = ["Sphinx (>=1.7.5)", "pylons-sphinx-themes"]
testing = ["pytest (>=3.1.0)", "coverage", "pytest-cov", "pytest-xdist"]

[[package]]
name = "websocket-client"
version = "1.3.1"
description = "WebSocket client for Python with low level API options"
category = "main"
optional = false
python-versions = ">=3.6"

[package.extras]
docs = ["Sphinx (>=3.4)", "sphinx-rtd-theme (>=0.5)"]
optional = ["python-socks", "wsaccel"]
test = ["websockets"]

[[package]]
name = "webtest"
version = "2.0.35"
description = "Helper to test WSGI applications"
category = "main"
optional = false
python-versions = "*"

[package.dependencies]
beautifulsoup4 = "*"
six = "*"
waitress = ">=0.8.5"
WebOb = ">=1.2"

[package.extras]
docs = ["Sphinx (>=1.8.1)", "docutils", "pylons-sphinx-themes (>=1.0.8)"]
tests = ["nose (<1.3.0)", "coverage", "mock", "pastedeploy", "wsgiproxy2", "pyquery"]

[[package]]
name = "zipp"
version = "3.6.0"
description = "Backport of pathlib-compatible object wrapper for zip files"
category = "dev"
optional = false
python-versions = ">=3.6"

[package.extras]
docs = ["sphinx", "jaraco.packaging (>=8.2)", "rst.linker (>=1.9)"]
testing = ["pytest (>=4.6)", "pytest-checkdocs (>=2.4)", "pytest-flake8", "pytest-cov", "pytest-enabler (>=1.0.1)", "jaraco.itertools", "func-timeout", "pytest-black (>=0.3.7)", "pytest-mypy"]

[metadata]
lock-version = "1.1"
python-versions = ">=3.6.1,<3.10"
content-hash = "ee069b3e865c0697e3e850947723ba5613bba84331613367b685cc45b7f4fa4e"

[metadata.files]
atomicwrites = [
    {file = "atomicwrites-1.4.0-py2.py3-none-any.whl", hash = "sha256:6d1784dea7c0c8d4a5172b6c620f40b6e4cbfdf96d783691f2e1302a7b88e197"},
    {file = "atomicwrites-1.4.0.tar.gz", hash = "sha256:ae70396ad1a434f9c7046fd2dd196fc04b12f9e91ffb859164193be8b6168a7a"},
]
attrs = [
    {file = "attrs-21.4.0-py2.py3-none-any.whl", hash = "sha256:2d27e3784d7a565d36ab851fe94887c5eccd6a463168875832a1be79c82828b4"},
    {file = "attrs-21.4.0.tar.gz", hash = "sha256:626ba8234211db98e869df76230a137c4c40a12d72445c45d5f5b716f076e2fd"},
]
aws-requests-auth = [
    {file = "aws-requests-auth-0.4.3.tar.gz", hash = "sha256:33593372018b960a31dbbe236f89421678b885c35f0b6a7abfae35bb77e069b2"},
    {file = "aws_requests_auth-0.4.3-py2.py3-none-any.whl", hash = "sha256:646bc37d62140ea1c709d20148f5d43197e6bd2d63909eb36fa4bb2345759977"},
]
beautifulsoup4 = [
    {file = "beautifulsoup4-4.11.1-py3-none-any.whl", hash = "sha256:58d5c3d29f5a36ffeb94f02f0d786cd53014cf9b3b3951d42e0080d8a9498d30"},
    {file = "beautifulsoup4-4.11.1.tar.gz", hash = "sha256:ad9aa55b65ef2808eb405f46cf74df7fcb7044d5cbc26487f96eb2ef2e436693"},
]
benchmark-4dn = [
    {file = "Benchmark-4dn-0.5.15.tar.gz", hash = "sha256:941ca3893cacf6ed96e9f10ceeec3477455acabc07c4cdcaf453b51ad9c51ca8"},
    {file = "Benchmark_4dn-0.5.15-py3-none-any.whl", hash = "sha256:bb40b54691229837cdc320ea92e554f046e96349c9d62beafd82faf73777a610"},
    {file = "Benchmark_4dn-0.5.15-py3.6.egg", hash = "sha256:3db398268fe2f4524584bbec521fe57e73eba0733de08c06a28806fea178c480"},
]
boto3 = [
    {file = "boto3-1.23.10-py3-none-any.whl", hash = "sha256:40d08614f17a69075e175c02c5d5aab69a6153fd50e40fa7057b913ac7bf40e7"},
    {file = "boto3-1.23.10.tar.gz", hash = "sha256:2a4395e3241c20eef441d7443a5e6eaa0ee3f7114653fb9d9cef41587526f7bd"},
]
botocore = [
    {file = "botocore-1.26.10-py3-none-any.whl", hash = "sha256:8a4a984bf901ccefe40037da11ba2abd1ddbcb3b490a492b7f218509c99fc12f"},
    {file = "botocore-1.26.10.tar.gz", hash = "sha256:5df2cf7ebe34377470172bd0bbc582cf98c5cbd02da0909a14e9e2885ab3ae9c"},
]
certifi = [
    {file = "certifi-2022.5.18.1-py3-none-any.whl", hash = "sha256:f1d53542ee8cbedbe2118b5686372fb33c297fcd6379b050cca0ef13a597382a"},
    {file = "certifi-2022.5.18.1.tar.gz", hash = "sha256:9c5705e395cd70084351dd8ad5c41e65655e08ce46f2ec9cf6c2c08390f71eb7"},
]
charset-normalizer = [
    {file = "charset-normalizer-2.0.12.tar.gz", hash = "sha256:2857e29ff0d34db842cd7ca3230549d1a697f96ee6d3fb071cfa6c7393832597"},
    {file = "charset_normalizer-2.0.12-py3-none-any.whl", hash = "sha256:6881edbebdb17b39b4eaaa821b438bf6eddffb4468cf344f09f89def34a8b1df"},
]
colorama = [
    {file = "colorama-0.4.4-py2.py3-none-any.whl", hash = "sha256:9f47eda37229f68eee03b24b9748937c7dc3868f906e8ba69fbcbdd3bc5dc3e2"},
    {file = "colorama-0.4.4.tar.gz", hash = "sha256:5941b2b48a20143d2267e95b1c2a7603ce057ee39fd88e7329b0c292aa16869b"},
]
dcicutils = [
    {file = "dcicutils-3.13.1-py3-none-any.whl", hash = "sha256:15c0705bc670c2a99b2290f0d9b6317f443f91b1112991df66d54fdec6102ecd"},
    {file = "dcicutils-3.13.1.tar.gz", hash = "sha256:057660ddec570b6db1e249bcdd4115506555a85ecf26938d68f39ba25bd26948"},
]
docker = [
    {file = "docker-4.4.4-py2.py3-none-any.whl", hash = "sha256:f3607d5695be025fa405a12aca2e5df702a57db63790c73b927eb6a94aac60af"},
    {file = "docker-4.4.4.tar.gz", hash = "sha256:d3393c878f575d3a9ca3b94471a3c89a6d960b35feb92f033c0de36cc9d934db"},
]
docutils = [
    {file = "docutils-0.18.1-py2.py3-none-any.whl", hash = "sha256:23010f129180089fbcd3bc08cfefccb3b890b0050e1ca00c867036e9d161b98c"},
    {file = "docutils-0.18.1.tar.gz", hash = "sha256:679987caf361a7539d76e584cbeddc311e3aee937877c87346f31debc63e9d06"},
]
elasticsearch = [
    {file = "elasticsearch-6.8.1-py2.py3-none-any.whl", hash = "sha256:540d633afcc0a32972e4b489c4559c9a96e294850853238f7a18b1cbd267c2ed"},
    {file = "elasticsearch-6.8.1.tar.gz", hash = "sha256:a8062a00b61bc7babeea028530667583a68ecb1a9f59ab0b22ff7feaf70d3564"},
]
gitdb = [
    {file = "gitdb-4.0.9-py3-none-any.whl", hash = "sha256:8033ad4e853066ba6ca92050b9df2f89301b8fc8bf7e9324d412a63f8bf1a8fd"},
    {file = "gitdb-4.0.9.tar.gz", hash = "sha256:bac2fd45c0a1c9cf619e63a90d62bdc63892ef92387424b855792a6cabe789aa"},
]
gitpython = [
    {file = "GitPython-3.1.20-py3-none-any.whl", hash = "sha256:b1e1c269deab1b08ce65403cf14e10d2ef1f6c89e33ea7c5e5bb0222ea593b8a"},
    {file = "GitPython-3.1.20.tar.gz", hash = "sha256:df0e072a200703a65387b0cfdf0466e3bab729c0458cf6b7349d0e9877636519"},
]
idna = [
    {file = "idna-3.3-py3-none-any.whl", hash = "sha256:84d9dd047ffa80596e0f246e2eab0b391788b0503584e8945f2368256d2735ff"},
    {file = "idna-3.3.tar.gz", hash = "sha256:9d643ff0a55b762d5cdb124b8eaa99c66322e2157b69160bc32796e824360e6d"},
]
importlib-metadata = [
    {file = "importlib_metadata-4.8.3-py3-none-any.whl", hash = "sha256:65a9576a5b2d58ca44d133c42a241905cc45e34d2c06fd5ba2bafa221e5d7b5e"},
    {file = "importlib_metadata-4.8.3.tar.gz", hash = "sha256:766abffff765960fcc18003801f7044eb6755ffae4521c8e8ce8e83b9c9b0668"},
]
iniconfig = [
    {file = "iniconfig-1.1.1-py2.py3-none-any.whl", hash = "sha256:011e24c64b7f47f6ebd835bb12a743f2fbe9a26d4cecaa7f53bc4f35ee9da8b3"},
    {file = "iniconfig-1.1.1.tar.gz", hash = "sha256:bc3af051d7d14b2ee5ef9969666def0cd1a000e121eaea580d4a313df4b37f32"},
]
jmespath = [
    {file = "jmespath-0.10.0-py2.py3-none-any.whl", hash = "sha256:cdf6525904cc597730141d61b36f2e4b8ecc257c420fa2f4549bac2c2d0cb72f"},
    {file = "jmespath-0.10.0.tar.gz", hash = "sha256:b85d0567b8666149a93172712e68920734333c0ce7e89b78b3e987f71e5ed4f9"},
]
mock = [
    {file = "mock-4.0.3-py3-none-any.whl", hash = "sha256:122fcb64ee37cfad5b3f48d7a7d51875d7031aaf3d8be7c42e2bee25044eee62"},
    {file = "mock-4.0.3.tar.gz", hash = "sha256:7d3fbbde18228f4ff2f1f119a45cdffa458b4c0dee32eb4d2bb2f82554bac7bc"},
]
packaging = [
    {file = "packaging-21.3-py3-none-any.whl", hash = "sha256:ef103e05f519cdc783ae24ea4e2e0f508a9c99b2d4969652eed6a2e1ea5bd522"},
    {file = "packaging-21.3.tar.gz", hash = "sha256:dd47c42927d89ab911e606518907cc2d3a1f38bbd026385970643f9c5b8ecfeb"},
]
pluggy = [
    {file = "pluggy-1.0.0-py2.py3-none-any.whl", hash = "sha256:74134bbf457f031a36d68416e1509f34bd5ccc019f0bcc952c7b909d06b37bd3"},
    {file = "pluggy-1.0.0.tar.gz", hash = "sha256:4224373bacce55f955a878bf9cfa763c1e360858e330072059e10bad68531159"},
]
py = [
    {file = "py-1.11.0-py2.py3-none-any.whl", hash = "sha256:607c53218732647dff4acdfcd50cb62615cedf612e72d1724fb1a0cc6405b378"},
    {file = "py-1.11.0.tar.gz", hash = "sha256:51c75c4126074b472f746a24399ad32f6053d1b34b68d2fa41e558e6f4a98719"},
]
pyparsing = [
    {file = "pyparsing-3.0.7-py3-none-any.whl", hash = "sha256:a6c06a88f252e6c322f65faf8f418b16213b51bdfaece0524c1c1bc30c63c484"},
    {file = "pyparsing-3.0.7.tar.gz", hash = "sha256:18ee9022775d270c55187733956460083db60b37d0d0fb357445f3094eed3eea"},
]
pytest = [
    {file = "pytest-7.0.1-py3-none-any.whl", hash = "sha256:9ce3ff477af913ecf6321fe337b93a2c0dcf2a0a1439c43f5452112c1e4280db"},
    {file = "pytest-7.0.1.tar.gz", hash = "sha256:e30905a0c131d3d94b89624a1cc5afec3e0ba2fbdb151867d8e0ebd49850f171"},
]
python-dateutil = [
    {file = "python-dateutil-2.8.2.tar.gz", hash = "sha256:0123cacc1627ae19ddf3c27a5de5bd67ee4586fbdd6440d9748f8abb483d3e86"},
    {file = "python_dateutil-2.8.2-py2.py3-none-any.whl", hash = "sha256:961d03dc3453ebbc59dbdea9e4e11c5651520a876d0f4db161e8674aae935da9"},
]
python-lambda-4dn = [
    {file = "python-lambda-4dn-0.12.3.tar.gz", hash = "sha256:41765ea05224c035e146c89d60ef23d0d2c043ccc79e380cbeae60143547b1dc"},
    {file = "python_lambda_4dn-0.12.3-py2.py3-none-any.whl", hash = "sha256:a87fd330fcf6702165904dbe884610df5bf029c55cd2cc176d22f788b04a5f21"},
    {file = "python_lambda_4dn-0.12.3-py3.6.egg", hash = "sha256:1a93754ef6ca05d2aa9bcc63c9dbc9256657ee89e637f4fef5989e144836cb91"},
]
pytz = [
    {file = "pytz-2022.1-py2.py3-none-any.whl", hash = "sha256:e68985985296d9a66a881eb3193b0906246245294a881e7c8afe623866ac6a5c"},
    {file = "pytz-2022.1.tar.gz", hash = "sha256:1e760e2fe6a8163bc0b3d9a19c4f84342afa0a2affebfaa84b01b978a02ecaa7"},
]
pywin32 = [
    {file = "pywin32-227-cp27-cp27m-win32.whl", hash = "sha256:371fcc39416d736401f0274dd64c2302728c9e034808e37381b5e1b22be4a6b0"},
    {file = "pywin32-227-cp27-cp27m-win_amd64.whl", hash = "sha256:4cdad3e84191194ea6d0dd1b1b9bdda574ff563177d2adf2b4efec2a244fa116"},
    {file = "pywin32-227-cp35-cp35m-win32.whl", hash = "sha256:f4c5be1a293bae0076d93c88f37ee8da68136744588bc5e2be2f299a34ceb7aa"},
    {file = "pywin32-227-cp35-cp35m-win_amd64.whl", hash = "sha256:a929a4af626e530383a579431b70e512e736e9588106715215bf685a3ea508d4"},
    {file = "pywin32-227-cp36-cp36m-win32.whl", hash = "sha256:300a2db938e98c3e7e2093e4491439e62287d0d493fe07cce110db070b54c0be"},
    {file = "pywin32-227-cp36-cp36m-win_amd64.whl", hash = "sha256:9b31e009564fb95db160f154e2aa195ed66bcc4c058ed72850d047141b36f3a2"},
    {file = "pywin32-227-cp37-cp37m-win32.whl", hash = "sha256:47a3c7551376a865dd8d095a98deba954a98f326c6fe3c72d8726ca6e6b15507"},
    {file = "pywin32-227-cp37-cp37m-win_amd64.whl", hash = "sha256:31f88a89139cb2adc40f8f0e65ee56a8c585f629974f9e07622ba80199057511"},
    {file = "pywin32-227-cp38-cp38-win32.whl", hash = "sha256:7f18199fbf29ca99dff10e1f09451582ae9e372a892ff03a28528a24d55875bc"},
    {file = "pywin32-227-cp38-cp38-win_amd64.whl", hash = "sha256:7c1ae32c489dc012930787f06244426f8356e129184a02c25aef163917ce158e"},
    {file = "pywin32-227-cp39-cp39-win32.whl", hash = "sha256:c054c52ba46e7eb6b7d7dfae4dbd987a1bb48ee86debe3f245a2884ece46e295"},
    {file = "pywin32-227-cp39-cp39-win_amd64.whl", hash = "sha256:f27cec5e7f588c3d1051651830ecc00294f90728d19c3bf6916e6dba93ea357c"},
]
requests = [
    {file = "requests-2.27.1-py2.py3-none-any.whl", hash = "sha256:f22fa1e554c9ddfd16e6e41ac79759e17be9e492b3587efa038054674760e72d"},
    {file = "requests-2.27.1.tar.gz", hash = "sha256:68d7c56fd5a8999887728ef304a6d12edc7be74f1cfa47714fc8b414525c9a61"},
]
rfc3986 = [
    {file = "rfc3986-1.5.0-py2.py3-none-any.whl", hash = "sha256:a86d6e1f5b1dc238b218b012df0aa79409667bb209e58da56d0b94704e712a97"},
    {file = "rfc3986-1.5.0.tar.gz", hash = "sha256:270aaf10d87d0d4e095063c65bf3ddbc6ee3d0b226328ce21e036f946e421835"},
]
s3transfer = [
    {file = "s3transfer-0.5.2-py3-none-any.whl", hash = "sha256:7a6f4c4d1fdb9a2b640244008e142cbc2cd3ae34b386584ef044dd0f27101971"},
    {file = "s3transfer-0.5.2.tar.gz", hash = "sha256:95c58c194ce657a5f4fb0b9e60a84968c808888aed628cd98ab8771fe1db98ed"},
]
six = [
    {file = "six-1.16.0-py2.py3-none-any.whl", hash = "sha256:8abb2f1d86890a2dfb989f9a77cfcfd3e47c2a354b01111771326f8aa26e0254"},
    {file = "six-1.16.0.tar.gz", hash = "sha256:1e61c37477a1626458e36f7b1d82aa5c9b094fa4802892072e49de9c60c4c926"},
]
smmap = [
    {file = "smmap-5.0.0-py3-none-any.whl", hash = "sha256:2aba19d6a040e78d8b09de5c57e96207b09ed71d8e55ce0959eeee6c8e190d94"},
    {file = "smmap-5.0.0.tar.gz", hash = "sha256:c840e62059cd3be204b0c9c9f74be2c09d5648eddd4580d9314c3ecde0b30936"},
]
soupsieve = [
    {file = "soupsieve-2.3.2.post1-py3-none-any.whl", hash = "sha256:3b2503d3c7084a42b1ebd08116e5f81aadfaea95863628c80a3b774a11b7c759"},
    {file = "soupsieve-2.3.2.post1.tar.gz", hash = "sha256:fc53893b3da2c33de295667a0e19f078c14bf86544af307354de5fcf12a3f30d"},
]
structlog = [
    {file = "structlog-19.2.0-py2.py3-none-any.whl", hash = "sha256:6640e6690fc31d5949bc614c1a630464d3aaa625284aeb7c6e486c3010d73e12"},
    {file = "structlog-19.2.0.tar.gz", hash = "sha256:4287058cf4ce1a59bc5dea290d6386d37f29a37529c9a51cdf7387e51710152b"},
]
tibanna = [
    {file = "tibanna-1.9.2-py3-none-any.whl", hash = "sha256:4c2ac3f16ecc27d4dcdd2668c2057ac364262f933d3625438a4ef9f81e92dfeb"},
    {file = "tibanna-1.9.2.tar.gz", hash = "sha256:b31f9a4ffc007a50e2d714b163a12d31b0f626df097ea8f68471a5b55badc38b"},
]
tibanna-ff = [
    {file = "tibanna_ff-1.0.0-py3-none-any.whl", hash = "sha256:4dbd0ae7ac0afb39ecf00eaabdbb47ec1e66ea39d2197eab38fe6779a38d55f7"},
    {file = "tibanna_ff-1.0.0-py3.6.egg", hash = "sha256:ed53dbc89a2b731bceb16360420721dfb83838b6c11374a2e832b1738267f282"},
    {file = "tibanna_ff-1.0.0.tar.gz", hash = "sha256:b74cb2eed252cf9c09430c789e714d182bdc44f769e396cbaadc7398882a7e76"},
]
toml = [
    {file = "toml-0.10.2-py2.py3-none-any.whl", hash = "sha256:806143ae5bfb6a3c6e736a764057db0e6a0e05e338b5630894a5f779cabb4f9b"},
    {file = "toml-0.10.2.tar.gz", hash = "sha256:b3bda1d108d5dd99f4a20d24d9c348e91c4db7ab1b749200bded2f839ccbe68f"},
]
tomli = [
    {file = "tomli-1.2.3-py3-none-any.whl", hash = "sha256:e3069e4be3ead9668e21cb9b074cd948f7b3113fd9c8bba083f48247aab8b11c"},
    {file = "tomli-1.2.3.tar.gz", hash = "sha256:05b6166bff487dc068d322585c7ea4ef78deed501cc124060e0f238e89a9231f"},
]
typing-extensions = [
    {file = "typing_extensions-4.1.1-py3-none-any.whl", hash = "sha256:21c85e0fe4b9a155d0799430b0ad741cdce7e359660ccbd8b530613e8df88ce2"},
    {file = "typing_extensions-4.1.1.tar.gz", hash = "sha256:1a9462dcc3347a79b1f1c0271fbe79e844580bb598bafa1ed208b94da3cdcd42"},
]
urllib3 = [
    {file = "urllib3-1.26.9-py2.py3-none-any.whl", hash = "sha256:44ece4d53fb1706f667c9bd1c648f5469a2ec925fcf3a776667042d645472c14"},
    {file = "urllib3-1.26.9.tar.gz", hash = "sha256:aabaf16477806a5e1dd19aa41f8c2b7950dd3c746362d7e3223dbe6de6ac448e"},
]
waitress = [
    {file = "waitress-2.0.0-py3-none-any.whl", hash = "sha256:29af5a53e9fb4e158f525367678b50053808ca6c21ba585754c77d790008c746"},
    {file = "waitress-2.0.0.tar.gz", hash = "sha256:69e1f242c7f80273490d3403c3976f3ac3b26e289856936d1f620ed48f321897"},
]
webob = [
    {file = "WebOb-1.8.7-py2.py3-none-any.whl", hash = "sha256:73aae30359291c14fa3b956f8b5ca31960e420c28c1bec002547fb04928cf89b"},
    {file = "WebOb-1.8.7.tar.gz", hash = "sha256:b64ef5141be559cfade448f044fa45c2260351edcb6a8ef6b7e00c7dcef0c323"},
]
websocket-client = [
    {file = "websocket-client-1.3.1.tar.gz", hash = "sha256:6278a75065395418283f887de7c3beafb3aa68dada5cacbe4b214e8d26da499b"},
    {file = "websocket_client-1.3.1-py3-none-any.whl", hash = "sha256:074e2ed575e7c822fc0940d31c3ac9bb2b1142c303eafcf3e304e6ce035522e8"},
]
webtest = [
    {file = "WebTest-2.0.35-py2.py3-none-any.whl", hash = "sha256:44ddfe99b5eca4cf07675e7222c81dd624d22f9a26035d2b93dc8862dc1153c6"},
    {file = "WebTest-2.0.35.tar.gz", hash = "sha256:aac168b5b2b4f200af4e35867cf316712210e3d5db81c1cbdff38722647bb087"},
]
zipp = [
    {file = "zipp-3.6.0-py3-none-any.whl", hash = "sha256:9fe5ea21568a0a70e50f273397638d39b03353731e6cbbb3fd8502a33fec40bc"},
    {file = "zipp-3.6.0.tar.gz", hash = "sha256:71c644c5369f4a6e07636f0aa966270449561fcea2e3d6747b8d23efaa9d7832"},
]
